// !$*UTF8*$!
{
	archiveVersion = 1;
	classes = {
	};
	objectVersion = 51;
	objects = {

/* Begin PBXBuildFile section */
		41FEE4150C1849247E69678B /* Pods_Tweets_TweetsUITests.framework in Frameworks */ = {isa = PBXBuildFile; fileRef = C368AFB016C125A33B9E1D35 /* Pods_Tweets_TweetsUITests.framework */; };
		4B204C5B26000EE800670BC7 /* AppDelegate.swift in Sources */ = {isa = PBXBuildFile; fileRef = 4B204C5A26000EE800670BC7 /* AppDelegate.swift */; };
		4B204C5F26000EE800670BC7 /* ViewController.swift in Sources */ = {isa = PBXBuildFile; fileRef = 4B204C5E26000EE800670BC7 /* ViewController.swift */; };
		4B204C6426000EEA00670BC7 /* Assets.xcassets in Resources */ = {isa = PBXBuildFile; fileRef = 4B204C6326000EEA00670BC7 /* Assets.xcassets */; };
		4B204C6726000EEA00670BC7 /* LaunchScreen.storyboard in Resources */ = {isa = PBXBuildFile; fileRef = 4B204C6526000EEA00670BC7 /* LaunchScreen.storyboard */; };
		4B204C7226000EEA00670BC7 /* TweetsTests.swift in Sources */ = {isa = PBXBuildFile; fileRef = 4B204C7126000EEA00670BC7 /* TweetsTests.swift */; };
		4B204C7D26000EEA00670BC7 /* TweetsUITests.swift in Sources */ = {isa = PBXBuildFile; fileRef = 4B204C7C26000EEA00670BC7 /* TweetsUITests.swift */; };
		4B204CC12600132A00670BC7 /* Welcome.storyboard in Resources */ = {isa = PBXBuildFile; fileRef = 4B204CC02600132A00670BC7 /* Welcome.storyboard */; };
		4B6931752600240A002BF310 /* WelcomeViewController.swift in Sources */ = {isa = PBXBuildFile; fileRef = 4B6931742600240A002BF310 /* WelcomeViewController.swift */; };
		4B69317A2600241B002BF310 /* LoginViewController.swift in Sources */ = {isa = PBXBuildFile; fileRef = 4B6931792600241B002BF310 /* LoginViewController.swift */; };
		4B69317F26002431002BF310 /* RegisterViewController.swift in Sources */ = {isa = PBXBuildFile; fileRef = 4B69317E26002431002BF310 /* RegisterViewController.swift */; };
		4B69318526002B96002BF310 /* Home.storyboard in Resources */ = {isa = PBXBuildFile; fileRef = 4B69318426002B96002BF310 /* Home.storyboard */; };
		4B69318B26002E4B002BF310 /* EndPoints.swift in Sources */ = {isa = PBXBuildFile; fileRef = 4B69318A26002E4B002BF310 /* EndPoints.swift */; };
		4B69319426002F72002BF310 /* LoginRequest.swift in Sources */ = {isa = PBXBuildFile; fileRef = 4B69319326002F72002BF310 /* LoginRequest.swift */; };
		4B69319926002FAD002BF310 /* LoginResponse.swift in Sources */ = {isa = PBXBuildFile; fileRef = 4B69319826002FAD002BF310 /* LoginResponse.swift */; };
		4B69319E26002FD0002BF310 /* User.swift in Sources */ = {isa = PBXBuildFile; fileRef = 4B69319D26002FD0002BF310 /* User.swift */; };
		4B6931A32600312D002BF310 /* Post.swift in Sources */ = {isa = PBXBuildFile; fileRef = 4B6931A22600312D002BF310 /* Post.swift */; };
		4B6931A8260032FC002BF310 /* DeleteResponse.swift in Sources */ = {isa = PBXBuildFile; fileRef = 4B6931A7260032FC002BF310 /* DeleteResponse.swift */; };
		B243E1925B222A808BA44102 /* Pods_TweetsTests.framework in Frameworks */ = {isa = PBXBuildFile; fileRef = C32AB78A88C81E0BA4DBF080 /* Pods_TweetsTests.framework */; };
		CAFA159EE584144D930F3100 /* Pods_Tweets.framework in Frameworks */ = {isa = PBXBuildFile; fileRef = A5C41BD1830D0E0568417D6B /* Pods_Tweets.framework */; };
/* End PBXBuildFile section */

/* Begin PBXContainerItemProxy section */
		4B204C6E26000EEA00670BC7 /* PBXContainerItemProxy */ = {
			isa = PBXContainerItemProxy;
			containerPortal = 4B204C4F26000EE800670BC7 /* Project object */;
			proxyType = 1;
			remoteGlobalIDString = 4B204C5626000EE800670BC7;
			remoteInfo = Tweets;
		};
		4B204C7926000EEA00670BC7 /* PBXContainerItemProxy */ = {
			isa = PBXContainerItemProxy;
			containerPortal = 4B204C4F26000EE800670BC7 /* Project object */;
			proxyType = 1;
			remoteGlobalIDString = 4B204C5626000EE800670BC7;
			remoteInfo = Tweets;
		};
/* End PBXContainerItemProxy section */

/* Begin PBXFileReference section */
		03E3000CE1B13E3C91FDC3F5 /* Pods-Tweets-TweetsUITests.release.xcconfig */ = {isa = PBXFileReference; includeInIndex = 1; lastKnownFileType = text.xcconfig; name = "Pods-Tweets-TweetsUITests.release.xcconfig"; path = "Target Support Files/Pods-Tweets-TweetsUITests/Pods-Tweets-TweetsUITests.release.xcconfig"; sourceTree = "<group>"; };
		26180B0606281FBD95A47013 /* Pods-TweetsTests.debug.xcconfig */ = {isa = PBXFileReference; includeInIndex = 1; lastKnownFileType = text.xcconfig; name = "Pods-TweetsTests.debug.xcconfig"; path = "Target Support Files/Pods-TweetsTests/Pods-TweetsTests.debug.xcconfig"; sourceTree = "<group>"; };
		365DDFBE48949B0A40B8BDF9 /* Pods-Tweets.debug.xcconfig */ = {isa = PBXFileReference; includeInIndex = 1; lastKnownFileType = text.xcconfig; name = "Pods-Tweets.debug.xcconfig"; path = "Target Support Files/Pods-Tweets/Pods-Tweets.debug.xcconfig"; sourceTree = "<group>"; };
		381B20CEC7291AB8FA13EA5B /* Pods-TweetsTests.release.xcconfig */ = {isa = PBXFileReference; includeInIndex = 1; lastKnownFileType = text.xcconfig; name = "Pods-TweetsTests.release.xcconfig"; path = "Target Support Files/Pods-TweetsTests/Pods-TweetsTests.release.xcconfig"; sourceTree = "<group>"; };
		4B204C5726000EE800670BC7 /* Tweets.app */ = {isa = PBXFileReference; explicitFileType = wrapper.application; includeInIndex = 0; path = Tweets.app; sourceTree = BUILT_PRODUCTS_DIR; };
		4B204C5A26000EE800670BC7 /* AppDelegate.swift */ = {isa = PBXFileReference; lastKnownFileType = sourcecode.swift; path = AppDelegate.swift; sourceTree = "<group>"; };
		4B204C5E26000EE800670BC7 /* ViewController.swift */ = {isa = PBXFileReference; lastKnownFileType = sourcecode.swift; path = ViewController.swift; sourceTree = "<group>"; };
		4B204C6326000EEA00670BC7 /* Assets.xcassets */ = {isa = PBXFileReference; lastKnownFileType = folder.assetcatalog; path = Assets.xcassets; sourceTree = "<group>"; };
		4B204C6626000EEA00670BC7 /* Base */ = {isa = PBXFileReference; lastKnownFileType = file.storyboard; name = Base; path = Base.lproj/LaunchScreen.storyboard; sourceTree = "<group>"; };
		4B204C6826000EEA00670BC7 /* Info.plist */ = {isa = PBXFileReference; lastKnownFileType = text.plist.xml; path = Info.plist; sourceTree = "<group>"; };
		4B204C6D26000EEA00670BC7 /* TweetsTests.xctest */ = {isa = PBXFileReference; explicitFileType = wrapper.cfbundle; includeInIndex = 0; path = TweetsTests.xctest; sourceTree = BUILT_PRODUCTS_DIR; };
		4B204C7126000EEA00670BC7 /* TweetsTests.swift */ = {isa = PBXFileReference; lastKnownFileType = sourcecode.swift; path = TweetsTests.swift; sourceTree = "<group>"; };
		4B204C7326000EEA00670BC7 /* Info.plist */ = {isa = PBXFileReference; lastKnownFileType = text.plist.xml; path = Info.plist; sourceTree = "<group>"; };
		4B204C7826000EEA00670BC7 /* TweetsUITests.xctest */ = {isa = PBXFileReference; explicitFileType = wrapper.cfbundle; includeInIndex = 0; path = TweetsUITests.xctest; sourceTree = BUILT_PRODUCTS_DIR; };
		4B204C7C26000EEA00670BC7 /* TweetsUITests.swift */ = {isa = PBXFileReference; lastKnownFileType = sourcecode.swift; path = TweetsUITests.swift; sourceTree = "<group>"; };
		4B204C7E26000EEA00670BC7 /* Info.plist */ = {isa = PBXFileReference; lastKnownFileType = text.plist.xml; path = Info.plist; sourceTree = "<group>"; };
		4B204CC02600132A00670BC7 /* Welcome.storyboard */ = {isa = PBXFileReference; lastKnownFileType = file.storyboard; path = Welcome.storyboard; sourceTree = "<group>"; };
		4B6931742600240A002BF310 /* WelcomeViewController.swift */ = {isa = PBXFileReference; lastKnownFileType = sourcecode.swift; path = WelcomeViewController.swift; sourceTree = "<group>"; };
		4B6931792600241B002BF310 /* LoginViewController.swift */ = {isa = PBXFileReference; lastKnownFileType = sourcecode.swift; path = LoginViewController.swift; sourceTree = "<group>"; };
		4B69317E26002431002BF310 /* RegisterViewController.swift */ = {isa = PBXFileReference; lastKnownFileType = sourcecode.swift; path = RegisterViewController.swift; sourceTree = "<group>"; };
		4B69318426002B96002BF310 /* Home.storyboard */ = {isa = PBXFileReference; lastKnownFileType = file.storyboard; path = Home.storyboard; sourceTree = "<group>"; };
		4B69318A26002E4B002BF310 /* EndPoints.swift */ = {isa = PBXFileReference; lastKnownFileType = sourcecode.swift; path = EndPoints.swift; sourceTree = "<group>"; };
		4B69319326002F72002BF310 /* LoginRequest.swift */ = {isa = PBXFileReference; lastKnownFileType = sourcecode.swift; path = LoginRequest.swift; sourceTree = "<group>"; };
		4B69319826002FAD002BF310 /* LoginResponse.swift */ = {isa = PBXFileReference; lastKnownFileType = sourcecode.swift; path = LoginResponse.swift; sourceTree = "<group>"; };
		4B69319D26002FD0002BF310 /* User.swift */ = {isa = PBXFileReference; lastKnownFileType = sourcecode.swift; path = User.swift; sourceTree = "<group>"; };
		4B6931A22600312D002BF310 /* Post.swift */ = {isa = PBXFileReference; lastKnownFileType = sourcecode.swift; path = Post.swift; sourceTree = "<group>"; };
		4B6931A7260032FC002BF310 /* DeleteResponse.swift */ = {isa = PBXFileReference; lastKnownFileType = sourcecode.swift; path = DeleteResponse.swift; sourceTree = "<group>"; };
		A5C41BD1830D0E0568417D6B /* Pods_Tweets.framework */ = {isa = PBXFileReference; explicitFileType = wrapper.framework; includeInIndex = 0; path = Pods_Tweets.framework; sourceTree = BUILT_PRODUCTS_DIR; };
		C32AB78A88C81E0BA4DBF080 /* Pods_TweetsTests.framework */ = {isa = PBXFileReference; explicitFileType = wrapper.framework; includeInIndex = 0; path = Pods_TweetsTests.framework; sourceTree = BUILT_PRODUCTS_DIR; };
		C368AFB016C125A33B9E1D35 /* Pods_Tweets_TweetsUITests.framework */ = {isa = PBXFileReference; explicitFileType = wrapper.framework; includeInIndex = 0; path = Pods_Tweets_TweetsUITests.framework; sourceTree = BUILT_PRODUCTS_DIR; };
		CB1F3468B775AD72CCA28C6B /* Pods-Tweets.release.xcconfig */ = {isa = PBXFileReference; includeInIndex = 1; lastKnownFileType = text.xcconfig; name = "Pods-Tweets.release.xcconfig"; path = "Target Support Files/Pods-Tweets/Pods-Tweets.release.xcconfig"; sourceTree = "<group>"; };
		ED140AF7070283D72BD48656 /* Pods-Tweets-TweetsUITests.debug.xcconfig */ = {isa = PBXFileReference; includeInIndex = 1; lastKnownFileType = text.xcconfig; name = "Pods-Tweets-TweetsUITests.debug.xcconfig"; path = "Target Support Files/Pods-Tweets-TweetsUITests/Pods-Tweets-TweetsUITests.debug.xcconfig"; sourceTree = "<group>"; };
/* End PBXFileReference section */

/* Begin PBXFrameworksBuildPhase section */
		4B204C5426000EE800670BC7 /* Frameworks */ = {
			isa = PBXFrameworksBuildPhase;
			buildActionMask = 2147483647;
			files = (
				CAFA159EE584144D930F3100 /* Pods_Tweets.framework in Frameworks */,
			);
			runOnlyForDeploymentPostprocessing = 0;
		};
		4B204C6A26000EEA00670BC7 /* Frameworks */ = {
			isa = PBXFrameworksBuildPhase;
			buildActionMask = 2147483647;
			files = (
				B243E1925B222A808BA44102 /* Pods_TweetsTests.framework in Frameworks */,
			);
			runOnlyForDeploymentPostprocessing = 0;
		};
		4B204C7526000EEA00670BC7 /* Frameworks */ = {
			isa = PBXFrameworksBuildPhase;
			buildActionMask = 2147483647;
			files = (
				41FEE4150C1849247E69678B /* Pods_Tweets_TweetsUITests.framework in Frameworks */,
			);
			runOnlyForDeploymentPostprocessing = 0;
		};
/* End PBXFrameworksBuildPhase section */

/* Begin PBXGroup section */
		4B204C4E26000EE800670BC7 = {
			isa = PBXGroup;
			children = (
				4B204C5926000EE800670BC7 /* Tweets */,
				4B204C7026000EEA00670BC7 /* TweetsTests */,
				4B204C7B26000EEA00670BC7 /* TweetsUITests */,
				4B204C5826000EE800670BC7 /* Products */,
				87D6EFD54A519DB1D9C85878 /* Pods */,
				A4C0DAEC7920B425E39ACB25 /* Frameworks */,
			);
			sourceTree = "<group>";
		};
		4B204C5826000EE800670BC7 /* Products */ = {
			isa = PBXGroup;
			children = (
				4B204C5726000EE800670BC7 /* Tweets.app */,
				4B204C6D26000EEA00670BC7 /* TweetsTests.xctest */,
				4B204C7826000EEA00670BC7 /* TweetsUITests.xctest */,
			);
			name = Products;
			sourceTree = "<group>";
		};
		4B204C5926000EE800670BC7 /* Tweets */ = {
			isa = PBXGroup;
			children = (
				4B69319226002F5C002BF310 /* Models */,
				4B69318926002E34002BF310 /* Utils */,
				4B204CBB260012AD00670BC7 /* Modules */,
				4B204CBA2600129E00670BC7 /* Commons */,
				4B204C6826000EEA00670BC7 /* Info.plist */,
			);
			path = Tweets;
			sourceTree = "<group>";
		};
		4B204C7026000EEA00670BC7 /* TweetsTests */ = {
			isa = PBXGroup;
			children = (
				4B204C7126000EEA00670BC7 /* TweetsTests.swift */,
				4B204C7326000EEA00670BC7 /* Info.plist */,
			);
			path = TweetsTests;
			sourceTree = "<group>";
		};
		4B204C7B26000EEA00670BC7 /* TweetsUITests */ = {
			isa = PBXGroup;
			children = (
				4B204C7C26000EEA00670BC7 /* TweetsUITests.swift */,
				4B204C7E26000EEA00670BC7 /* Info.plist */,
			);
			path = TweetsUITests;
			sourceTree = "<group>";
		};
		4B204CBA2600129E00670BC7 /* Commons */ = {
			isa = PBXGroup;
			children = (
				4B204C5A26000EE800670BC7 /* AppDelegate.swift */,
				4B204C5E26000EE800670BC7 /* ViewController.swift */,
				4B204C6326000EEA00670BC7 /* Assets.xcassets */,
				4B204C6526000EEA00670BC7 /* LaunchScreen.storyboard */,
			);
			path = Commons;
			sourceTree = "<group>";
		};
		4B204CBB260012AD00670BC7 /* Modules */ = {
			isa = PBXGroup;
			children = (
				4B69318326002B7A002BF310 /* Home */,
				4B204CBF260012FE00670BC7 /* Welcome */,
			);
			path = Modules;
			sourceTree = "<group>";
		};
		4B204CBF260012FE00670BC7 /* Welcome */ = {
			isa = PBXGroup;
			children = (
				4B204CC02600132A00670BC7 /* Welcome.storyboard */,
				4B6931742600240A002BF310 /* WelcomeViewController.swift */,
				4B6931792600241B002BF310 /* LoginViewController.swift */,
				4B69317E26002431002BF310 /* RegisterViewController.swift */,
			);
			path = Welcome;
			sourceTree = "<group>";
		};
		4B69318326002B7A002BF310 /* Home */ = {
			isa = PBXGroup;
			children = (
				4B69318426002B96002BF310 /* Home.storyboard */,
			);
			path = Home;
			sourceTree = "<group>";
		};
		4B69318926002E34002BF310 /* Utils */ = {
			isa = PBXGroup;
			children = (
				4B69318A26002E4B002BF310 /* EndPoints.swift */,
			);
			path = Utils;
			sourceTree = "<group>";
		};
		4B69319226002F5C002BF310 /* Models */ = {
			isa = PBXGroup;
			children = (
				4B69319326002F72002BF310 /* LoginRequest.swift */,
				4B69319826002FAD002BF310 /* LoginResponse.swift */,
				4B69319D26002FD0002BF310 /* User.swift */,
				4B6931A22600312D002BF310 /* Post.swift */,
				4B6931A7260032FC002BF310 /* DeleteResponse.swift */,
			);
			path = Models;
			sourceTree = "<group>";
		};
		87D6EFD54A519DB1D9C85878 /* Pods */ = {
			isa = PBXGroup;
			children = (
				365DDFBE48949B0A40B8BDF9 /* Pods-Tweets.debug.xcconfig */,
				CB1F3468B775AD72CCA28C6B /* Pods-Tweets.release.xcconfig */,
				ED140AF7070283D72BD48656 /* Pods-Tweets-TweetsUITests.debug.xcconfig */,
				03E3000CE1B13E3C91FDC3F5 /* Pods-Tweets-TweetsUITests.release.xcconfig */,
				26180B0606281FBD95A47013 /* Pods-TweetsTests.debug.xcconfig */,
				381B20CEC7291AB8FA13EA5B /* Pods-TweetsTests.release.xcconfig */,
			);
			path = Pods;
			sourceTree = "<group>";
		};
		A4C0DAEC7920B425E39ACB25 /* Frameworks */ = {
			isa = PBXGroup;
			children = (
				A5C41BD1830D0E0568417D6B /* Pods_Tweets.framework */,
				C368AFB016C125A33B9E1D35 /* Pods_Tweets_TweetsUITests.framework */,
				C32AB78A88C81E0BA4DBF080 /* Pods_TweetsTests.framework */,
			);
			name = Frameworks;
			sourceTree = "<group>";
		};
/* End PBXGroup section */

/* Begin PBXNativeTarget section */
		4B204C5626000EE800670BC7 /* Tweets */ = {
			isa = PBXNativeTarget;
			buildConfigurationList = 4B204C8126000EEA00670BC7 /* Build configuration list for PBXNativeTarget "Tweets" */;
			buildPhases = (
				CAA76FF71956A4DAB381970C /* [CP] Check Pods Manifest.lock */,
				4B204C5326000EE800670BC7 /* Sources */,
				4B204C5426000EE800670BC7 /* Frameworks */,
				4B204C5526000EE800670BC7 /* Resources */,
				19E60FE612772FDB28DF6E72 /* [CP] Embed Pods Frameworks */,
			);
			buildRules = (
			);
			dependencies = (
			);
			name = Tweets;
			productName = Tweets;
			productReference = 4B204C5726000EE800670BC7 /* Tweets.app */;
			productType = "com.apple.product-type.application";
		};
		4B204C6C26000EEA00670BC7 /* TweetsTests */ = {
			isa = PBXNativeTarget;
			buildConfigurationList = 4B204C8426000EEA00670BC7 /* Build configuration list for PBXNativeTarget "TweetsTests" */;
			buildPhases = (
				140363334A1F52546C231A78 /* [CP] Check Pods Manifest.lock */,
				4B204C6926000EEA00670BC7 /* Sources */,
				4B204C6A26000EEA00670BC7 /* Frameworks */,
				4B204C6B26000EEA00670BC7 /* Resources */,
			);
			buildRules = (
			);
			dependencies = (
				4B204C6F26000EEA00670BC7 /* PBXTargetDependency */,
			);
			name = TweetsTests;
			productName = TweetsTests;
			productReference = 4B204C6D26000EEA00670BC7 /* TweetsTests.xctest */;
			productType = "com.apple.product-type.bundle.unit-test";
		};
		4B204C7726000EEA00670BC7 /* TweetsUITests */ = {
			isa = PBXNativeTarget;
			buildConfigurationList = 4B204C8726000EEA00670BC7 /* Build configuration list for PBXNativeTarget "TweetsUITests" */;
			buildPhases = (
				974D18659AB213011C4751E3 /* [CP] Check Pods Manifest.lock */,
				4B204C7426000EEA00670BC7 /* Sources */,
				4B204C7526000EEA00670BC7 /* Frameworks */,
				4B204C7626000EEA00670BC7 /* Resources */,
				E5B873C53292E6F55DEAF91F /* [CP] Embed Pods Frameworks */,
			);
			buildRules = (
			);
			dependencies = (
				4B204C7A26000EEA00670BC7 /* PBXTargetDependency */,
			);
			name = TweetsUITests;
			productName = TweetsUITests;
			productReference = 4B204C7826000EEA00670BC7 /* TweetsUITests.xctest */;
			productType = "com.apple.product-type.bundle.ui-testing";
		};
/* End PBXNativeTarget section */

/* Begin PBXProject section */
		4B204C4F26000EE800670BC7 /* Project object */ = {
			isa = PBXProject;
			attributes = {
				LastSwiftUpdateCheck = 1240;
				LastUpgradeCheck = 1240;
				TargetAttributes = {
					4B204C5626000EE800670BC7 = {
						CreatedOnToolsVersion = 12.4;
					};
					4B204C6C26000EEA00670BC7 = {
						CreatedOnToolsVersion = 12.4;
						TestTargetID = 4B204C5626000EE800670BC7;
					};
					4B204C7726000EEA00670BC7 = {
						CreatedOnToolsVersion = 12.4;
						TestTargetID = 4B204C5626000EE800670BC7;
					};
				};
			};
			buildConfigurationList = 4B204C5226000EE800670BC7 /* Build configuration list for PBXProject "Tweets" */;
			compatibilityVersion = "Xcode 9.3";
			developmentRegion = en;
			hasScannedForEncodings = 0;
			knownRegions = (
				en,
				Base,
			);
			mainGroup = 4B204C4E26000EE800670BC7;
			productRefGroup = 4B204C5826000EE800670BC7 /* Products */;
			projectDirPath = "";
			projectRoot = "";
			targets = (
				4B204C5626000EE800670BC7 /* Tweets */,
				4B204C6C26000EEA00670BC7 /* TweetsTests */,
				4B204C7726000EEA00670BC7 /* TweetsUITests */,
			);
		};
/* End PBXProject section */

/* Begin PBXResourcesBuildPhase section */
		4B204C5526000EE800670BC7 /* Resources */ = {
			isa = PBXResourcesBuildPhase;
			buildActionMask = 2147483647;
			files = (
				4B204C6726000EEA00670BC7 /* LaunchScreen.storyboard in Resources */,
				4B204C6426000EEA00670BC7 /* Assets.xcassets in Resources */,
				4B204CC12600132A00670BC7 /* Welcome.storyboard in Resources */,
				4B69318526002B96002BF310 /* Home.storyboard in Resources */,
			);
			runOnlyForDeploymentPostprocessing = 0;
		};
		4B204C6B26000EEA00670BC7 /* Resources */ = {
			isa = PBXResourcesBuildPhase;
			buildActionMask = 2147483647;
			files = (
			);
			runOnlyForDeploymentPostprocessing = 0;
		};
		4B204C7626000EEA00670BC7 /* Resources */ = {
			isa = PBXResourcesBuildPhase;
			buildActionMask = 2147483647;
			files = (
			);
			runOnlyForDeploymentPostprocessing = 0;
		};
/* End PBXResourcesBuildPhase section */

/* Begin PBXShellScriptBuildPhase section */
		140363334A1F52546C231A78 /* [CP] Check Pods Manifest.lock */ = {
			isa = PBXShellScriptBuildPhase;
			buildActionMask = 2147483647;
			files = (
			);
			inputFileListPaths = (
			);
			inputPaths = (
				"${PODS_PODFILE_DIR_PATH}/Podfile.lock",
				"${PODS_ROOT}/Manifest.lock",
			);
			name = "[CP] Check Pods Manifest.lock";
			outputFileListPaths = (
			);
			outputPaths = (
				"$(DERIVED_FILE_DIR)/Pods-TweetsTests-checkManifestLockResult.txt",
			);
			runOnlyForDeploymentPostprocessing = 0;
			shellPath = /bin/sh;
			shellScript = "diff \"${PODS_PODFILE_DIR_PATH}/Podfile.lock\" \"${PODS_ROOT}/Manifest.lock\" > /dev/null\nif [ $? != 0 ] ; then\n    # print error to STDERR\n    echo \"error: The sandbox is not in sync with the Podfile.lock. Run 'pod install' or update your CocoaPods installation.\" >&2\n    exit 1\nfi\n# This output is used by Xcode 'outputs' to avoid re-running this script phase.\necho \"SUCCESS\" > \"${SCRIPT_OUTPUT_FILE_0}\"\n";
			showEnvVarsInLog = 0;
		};
		19E60FE612772FDB28DF6E72 /* [CP] Embed Pods Frameworks */ = {
			isa = PBXShellScriptBuildPhase;
			buildActionMask = 2147483647;
			files = (
			);
			inputFileListPaths = (
				"${PODS_ROOT}/Target Support Files/Pods-Tweets/Pods-Tweets-frameworks-${CONFIGURATION}-input-files.xcfilelist",
			);
			name = "[CP] Embed Pods Frameworks";
			outputFileListPaths = (
				"${PODS_ROOT}/Target Support Files/Pods-Tweets/Pods-Tweets-frameworks-${CONFIGURATION}-output-files.xcfilelist",
			);
			runOnlyForDeploymentPostprocessing = 0;
			shellPath = /bin/sh;
			shellScript = "\"${PODS_ROOT}/Target Support Files/Pods-Tweets/Pods-Tweets-frameworks.sh\"\n";
			showEnvVarsInLog = 0;
		};
		974D18659AB213011C4751E3 /* [CP] Check Pods Manifest.lock */ = {
			isa = PBXShellScriptBuildPhase;
			buildActionMask = 2147483647;
			files = (
			);
			inputFileListPaths = (
			);
			inputPaths = (
				"${PODS_PODFILE_DIR_PATH}/Podfile.lock",
				"${PODS_ROOT}/Manifest.lock",
			);
			name = "[CP] Check Pods Manifest.lock";
			outputFileListPaths = (
			);
			outputPaths = (
				"$(DERIVED_FILE_DIR)/Pods-Tweets-TweetsUITests-checkManifestLockResult.txt",
			);
			runOnlyForDeploymentPostprocessing = 0;
			shellPath = /bin/sh;
			shellScript = "diff \"${PODS_PODFILE_DIR_PATH}/Podfile.lock\" \"${PODS_ROOT}/Manifest.lock\" > /dev/null\nif [ $? != 0 ] ; then\n    # print error to STDERR\n    echo \"error: The sandbox is not in sync with the Podfile.lock. Run 'pod install' or update your CocoaPods installation.\" >&2\n    exit 1\nfi\n# This output is used by Xcode 'outputs' to avoid re-running this script phase.\necho \"SUCCESS\" > \"${SCRIPT_OUTPUT_FILE_0}\"\n";
			showEnvVarsInLog = 0;
		};
		CAA76FF71956A4DAB381970C /* [CP] Check Pods Manifest.lock */ = {
			isa = PBXShellScriptBuildPhase;
			buildActionMask = 2147483647;
			files = (
			);
			inputFileListPaths = (
			);
			inputPaths = (
				"${PODS_PODFILE_DIR_PATH}/Podfile.lock",
				"${PODS_ROOT}/Manifest.lock",
			);
			name = "[CP] Check Pods Manifest.lock";
			outputFileListPaths = (
			);
			outputPaths = (
				"$(DERIVED_FILE_DIR)/Pods-Tweets-checkManifestLockResult.txt",
			);
			runOnlyForDeploymentPostprocessing = 0;
			shellPath = /bin/sh;
			shellScript = "diff \"${PODS_PODFILE_DIR_PATH}/Podfile.lock\" \"${PODS_ROOT}/Manifest.lock\" > /dev/null\nif [ $? != 0 ] ; then\n    # print error to STDERR\n    echo \"error: The sandbox is not in sync with the Podfile.lock. Run 'pod install' or update your CocoaPods installation.\" >&2\n    exit 1\nfi\n# This output is used by Xcode 'outputs' to avoid re-running this script phase.\necho \"SUCCESS\" > \"${SCRIPT_OUTPUT_FILE_0}\"\n";
			showEnvVarsInLog = 0;
		};
		E5B873C53292E6F55DEAF91F /* [CP] Embed Pods Frameworks */ = {
			isa = PBXShellScriptBuildPhase;
			buildActionMask = 2147483647;
			files = (
			);
			inputFileListPaths = (
				"${PODS_ROOT}/Target Support Files/Pods-Tweets-TweetsUITests/Pods-Tweets-TweetsUITests-frameworks-${CONFIGURATION}-input-files.xcfilelist",
			);
			name = "[CP] Embed Pods Frameworks";
			outputFileListPaths = (
				"${PODS_ROOT}/Target Support Files/Pods-Tweets-TweetsUITests/Pods-Tweets-TweetsUITests-frameworks-${CONFIGURATION}-output-files.xcfilelist",
			);
			runOnlyForDeploymentPostprocessing = 0;
			shellPath = /bin/sh;
			shellScript = "\"${PODS_ROOT}/Target Support Files/Pods-Tweets-TweetsUITests/Pods-Tweets-TweetsUITests-frameworks.sh\"\n";
			showEnvVarsInLog = 0;
		};
/* End PBXShellScriptBuildPhase section */

/* Begin PBXSourcesBuildPhase section */
		4B204C5326000EE800670BC7 /* Sources */ = {
			isa = PBXSourcesBuildPhase;
			buildActionMask = 2147483647;
			files = (
				4B69317A2600241B002BF310 /* LoginViewController.swift in Sources */,
				4B69317F26002431002BF310 /* RegisterViewController.swift in Sources */,
				4B6931752600240A002BF310 /* WelcomeViewController.swift in Sources */,
				4B204C5F26000EE800670BC7 /* ViewController.swift in Sources */,
				4B69318B26002E4B002BF310 /* EndPoints.swift in Sources */,
				4B6931A8260032FC002BF310 /* DeleteResponse.swift in Sources */,
				4B69319E26002FD0002BF310 /* User.swift in Sources */,
				4B69319426002F72002BF310 /* LoginRequest.swift in Sources */,
				4B69319926002FAD002BF310 /* LoginResponse.swift in Sources */,
				4B204C5B26000EE800670BC7 /* AppDelegate.swift in Sources */,
				4B6931A32600312D002BF310 /* Post.swift in Sources */,
			);
			runOnlyForDeploymentPostprocessing = 0;
		};
		4B204C6926000EEA00670BC7 /* Sources */ = {
			isa = PBXSourcesBuildPhase;
			buildActionMask = 2147483647;
			files = (
				4B204C7226000EEA00670BC7 /* TweetsTests.swift in Sources */,
			);
			runOnlyForDeploymentPostprocessing = 0;
		};
		4B204C7426000EEA00670BC7 /* Sources */ = {
			isa = PBXSourcesBuildPhase;
			buildActionMask = 2147483647;
			files = (
				4B204C7D26000EEA00670BC7 /* TweetsUITests.swift in Sources */,
			);
			runOnlyForDeploymentPostprocessing = 0;
		};
/* End PBXSourcesBuildPhase section */

/* Begin PBXTargetDependency section */
		4B204C6F26000EEA00670BC7 /* PBXTargetDependency */ = {
			isa = PBXTargetDependency;
			target = 4B204C5626000EE800670BC7 /* Tweets */;
			targetProxy = 4B204C6E26000EEA00670BC7 /* PBXContainerItemProxy */;
		};
		4B204C7A26000EEA00670BC7 /* PBXTargetDependency */ = {
			isa = PBXTargetDependency;
			target = 4B204C5626000EE800670BC7 /* Tweets */;
			targetProxy = 4B204C7926000EEA00670BC7 /* PBXContainerItemProxy */;
		};
/* End PBXTargetDependency section */

/* Begin PBXVariantGroup section */
		4B204C6526000EEA00670BC7 /* LaunchScreen.storyboard */ = {
			isa = PBXVariantGroup;
			children = (
				4B204C6626000EEA00670BC7 /* Base */,
			);
			name = LaunchScreen.storyboard;
			sourceTree = "<group>";
		};
/* End PBXVariantGroup section */

/* Begin XCBuildConfiguration section */
		4B204C7F26000EEA00670BC7 /* Debug */ = {
			isa = XCBuildConfiguration;
			buildSettings = {
				ALWAYS_SEARCH_USER_PATHS = NO;
				CLANG_ANALYZER_NONNULL = YES;
				CLANG_ANALYZER_NUMBER_OBJECT_CONVERSION = YES_AGGRESSIVE;
				CLANG_CXX_LANGUAGE_STANDARD = "gnu++14";
				CLANG_CXX_LIBRARY = "libc++";
				CLANG_ENABLE_MODULES = YES;
				CLANG_ENABLE_OBJC_ARC = YES;
				CLANG_ENABLE_OBJC_WEAK = YES;
				CLANG_WARN_BLOCK_CAPTURE_AUTORELEASING = YES;
				CLANG_WARN_BOOL_CONVERSION = YES;
				CLANG_WARN_COMMA = YES;
				CLANG_WARN_CONSTANT_CONVERSION = YES;
				CLANG_WARN_DEPRECATED_OBJC_IMPLEMENTATIONS = YES;
				CLANG_WARN_DIRECT_OBJC_ISA_USAGE = YES_ERROR;
				CLANG_WARN_DOCUMENTATION_COMMENTS = YES;
				CLANG_WARN_EMPTY_BODY = YES;
				CLANG_WARN_ENUM_CONVERSION = YES;
				CLANG_WARN_INFINITE_RECURSION = YES;
				CLANG_WARN_INT_CONVERSION = YES;
				CLANG_WARN_NON_LITERAL_NULL_CONVERSION = YES;
				CLANG_WARN_OBJC_IMPLICIT_RETAIN_SELF = YES;
				CLANG_WARN_OBJC_LITERAL_CONVERSION = YES;
				CLANG_WARN_OBJC_ROOT_CLASS = YES_ERROR;
				CLANG_WARN_QUOTED_INCLUDE_IN_FRAMEWORK_HEADER = YES;
				CLANG_WARN_RANGE_LOOP_ANALYSIS = YES;
				CLANG_WARN_STRICT_PROTOTYPES = YES;
				CLANG_WARN_SUSPICIOUS_MOVE = YES;
				CLANG_WARN_UNGUARDED_AVAILABILITY = YES_AGGRESSIVE;
				CLANG_WARN_UNREACHABLE_CODE = YES;
				CLANG_WARN__DUPLICATE_METHOD_MATCH = YES;
				COPY_PHASE_STRIP = NO;
				DEBUG_INFORMATION_FORMAT = dwarf;
				ENABLE_STRICT_OBJC_MSGSEND = YES;
				ENABLE_TESTABILITY = YES;
				GCC_C_LANGUAGE_STANDARD = gnu11;
				GCC_DYNAMIC_NO_PIC = NO;
				GCC_NO_COMMON_BLOCKS = YES;
				GCC_OPTIMIZATION_LEVEL = 0;
				GCC_PREPROCESSOR_DEFINITIONS = (
					"DEBUG=1",
					"$(inherited)",
				);
				GCC_WARN_64_TO_32_BIT_CONVERSION = YES;
				GCC_WARN_ABOUT_RETURN_TYPE = YES_ERROR;
				GCC_WARN_UNDECLARED_SELECTOR = YES;
				GCC_WARN_UNINITIALIZED_AUTOS = YES_AGGRESSIVE;
				GCC_WARN_UNUSED_FUNCTION = YES;
				GCC_WARN_UNUSED_VARIABLE = YES;
				IPHONEOS_DEPLOYMENT_TARGET = 14.4;
				MTL_ENABLE_DEBUG_INFO = INCLUDE_SOURCE;
				MTL_FAST_MATH = YES;
				ONLY_ACTIVE_ARCH = YES;
				SDKROOT = iphoneos;
				SWIFT_ACTIVE_COMPILATION_CONDITIONS = DEBUG;
				SWIFT_OPTIMIZATION_LEVEL = "-Onone";
			};
			name = Debug;
		};
		4B204C8026000EEA00670BC7 /* Release */ = {
			isa = XCBuildConfiguration;
			buildSettings = {
				ALWAYS_SEARCH_USER_PATHS = NO;
				CLANG_ANALYZER_NONNULL = YES;
				CLANG_ANALYZER_NUMBER_OBJECT_CONVERSION = YES_AGGRESSIVE;
				CLANG_CXX_LANGUAGE_STANDARD = "gnu++14";
				CLANG_CXX_LIBRARY = "libc++";
				CLANG_ENABLE_MODULES = YES;
				CLANG_ENABLE_OBJC_ARC = YES;
				CLANG_ENABLE_OBJC_WEAK = YES;
				CLANG_WARN_BLOCK_CAPTURE_AUTORELEASING = YES;
				CLANG_WARN_BOOL_CONVERSION = YES;
				CLANG_WARN_COMMA = YES;
				CLANG_WARN_CONSTANT_CONVERSION = YES;
				CLANG_WARN_DEPRECATED_OBJC_IMPLEMENTATIONS = YES;
				CLANG_WARN_DIRECT_OBJC_ISA_USAGE = YES_ERROR;
				CLANG_WARN_DOCUMENTATION_COMMENTS = YES;
				CLANG_WARN_EMPTY_BODY = YES;
				CLANG_WARN_ENUM_CONVERSION = YES;
				CLANG_WARN_INFINITE_RECURSION = YES;
				CLANG_WARN_INT_CONVERSION = YES;
				CLANG_WARN_NON_LITERAL_NULL_CONVERSION = YES;
				CLANG_WARN_OBJC_IMPLICIT_RETAIN_SELF = YES;
				CLANG_WARN_OBJC_LITERAL_CONVERSION = YES;
				CLANG_WARN_OBJC_ROOT_CLASS = YES_ERROR;
				CLANG_WARN_QUOTED_INCLUDE_IN_FRAMEWORK_HEADER = YES;
				CLANG_WARN_RANGE_LOOP_ANALYSIS = YES;
				CLANG_WARN_STRICT_PROTOTYPES = YES;
				CLANG_WARN_SUSPICIOUS_MOVE = YES;
				CLANG_WARN_UNGUARDED_AVAILABILITY = YES_AGGRESSIVE;
				CLANG_WARN_UNREACHABLE_CODE = YES;
				CLANG_WARN__DUPLICATE_METHOD_MATCH = YES;
				COPY_PHASE_STRIP = NO;
				DEBUG_INFORMATION_FORMAT = "dwarf-with-dsym";
				ENABLE_NS_ASSERTIONS = NO;
				ENABLE_STRICT_OBJC_MSGSEND = YES;
				GCC_C_LANGUAGE_STANDARD = gnu11;
				GCC_NO_COMMON_BLOCKS = YES;
				GCC_WARN_64_TO_32_BIT_CONVERSION = YES;
				GCC_WARN_ABOUT_RETURN_TYPE = YES_ERROR;
				GCC_WARN_UNDECLARED_SELECTOR = YES;
				GCC_WARN_UNINITIALIZED_AUTOS = YES_AGGRESSIVE;
				GCC_WARN_UNUSED_FUNCTION = YES;
				GCC_WARN_UNUSED_VARIABLE = YES;
				IPHONEOS_DEPLOYMENT_TARGET = 14.4;
				MTL_ENABLE_DEBUG_INFO = NO;
				MTL_FAST_MATH = YES;
				SDKROOT = iphoneos;
				SWIFT_COMPILATION_MODE = wholemodule;
				SWIFT_OPTIMIZATION_LEVEL = "-O";
				VALIDATE_PRODUCT = YES;
			};
			name = Release;
		};
		4B204C8226000EEA00670BC7 /* Debug */ = {
			isa = XCBuildConfiguration;
			baseConfigurationReference = 365DDFBE48949B0A40B8BDF9 /* Pods-Tweets.debug.xcconfig */;
			buildSettings = {
				ASSETCATALOG_COMPILER_APPICON_NAME = AppIcon;
				ASSETCATALOG_COMPILER_GLOBAL_ACCENT_COLOR_NAME = AccentColor;
				CODE_SIGN_STYLE = Automatic;
				DEVELOPMENT_TEAM = 7ZA89MMVEZ;
				INFOPLIST_FILE = Tweets/Info.plist;
				IPHONEOS_DEPLOYMENT_TARGET = 10.2;
				LD_RUNPATH_SEARCH_PATHS = (
					"$(inherited)",
					"@executable_path/Frameworks",
				);
				PRODUCT_BUNDLE_IDENTIFIER = Avasquez.Tweets;
				PRODUCT_NAME = "$(TARGET_NAME)";
				SWIFT_VERSION = 5.0;
				TARGETED_DEVICE_FAMILY = 1;
			};
			name = Debug;
		};
		4B204C8326000EEA00670BC7 /* Release */ = {
			isa = XCBuildConfiguration;
			baseConfigurationReference = CB1F3468B775AD72CCA28C6B /* Pods-Tweets.release.xcconfig */;
			buildSettings = {
				ASSETCATALOG_COMPILER_APPICON_NAME = AppIcon;
				ASSETCATALOG_COMPILER_GLOBAL_ACCENT_COLOR_NAME = AccentColor;
				CODE_SIGN_STYLE = Automatic;
				DEVELOPMENT_TEAM = 7ZA89MMVEZ;
				INFOPLIST_FILE = Tweets/Info.plist;
				IPHONEOS_DEPLOYMENT_TARGET = 10.2;
				LD_RUNPATH_SEARCH_PATHS = (
					"$(inherited)",
					"@executable_path/Frameworks",
				);
				PRODUCT_BUNDLE_IDENTIFIER = Avasquez.Tweets;
				PRODUCT_NAME = "$(TARGET_NAME)";
				SWIFT_VERSION = 5.0;
				TARGETED_DEVICE_FAMILY = 1;
			};
			name = Release;
		};
		4B204C8526000EEA00670BC7 /* Debug */ = {
			isa = XCBuildConfiguration;
			baseConfigurationReference = 26180B0606281FBD95A47013 /* Pods-TweetsTests.debug.xcconfig */;
			buildSettings = {
				ALWAYS_EMBED_SWIFT_STANDARD_LIBRARIES = YES;
				BUNDLE_LOADER = "$(TEST_HOST)";
				CODE_SIGN_STYLE = Automatic;
				INFOPLIST_FILE = TweetsTests/Info.plist;
				IPHONEOS_DEPLOYMENT_TARGET = 14.4;
				LD_RUNPATH_SEARCH_PATHS = (
					"$(inherited)",
					"@executable_path/Frameworks",
					"@loader_path/Frameworks",
				);
				PRODUCT_BUNDLE_IDENTIFIER = Avasquez.TweetsTests;
				PRODUCT_NAME = "$(TARGET_NAME)";
				SWIFT_VERSION = 5.0;
				TARGETED_DEVICE_FAMILY = "1,2";
				TEST_HOST = "$(BUILT_PRODUCTS_DIR)/Tweets.app/Tweets";
			};
			name = Debug;
		};
		4B204C8626000EEA00670BC7 /* Release */ = {
			isa = XCBuildConfiguration;
			baseConfigurationReference = 381B20CEC7291AB8FA13EA5B /* Pods-TweetsTests.release.xcconfig */;
			buildSettings = {
				ALWAYS_EMBED_SWIFT_STANDARD_LIBRARIES = YES;
				BUNDLE_LOADER = "$(TEST_HOST)";
				CODE_SIGN_STYLE = Automatic;
				INFOPLIST_FILE = TweetsTests/Info.plist;
				IPHONEOS_DEPLOYMENT_TARGET = 14.4;
				LD_RUNPATH_SEARCH_PATHS = (
					"$(inherited)",
					"@executable_path/Frameworks",
					"@loader_path/Frameworks",
				);
				PRODUCT_BUNDLE_IDENTIFIER = Avasquez.TweetsTests;
				PRODUCT_NAME = "$(TARGET_NAME)";
				SWIFT_VERSION = 5.0;
				TARGETED_DEVICE_FAMILY = "1,2";
				TEST_HOST = "$(BUILT_PRODUCTS_DIR)/Tweets.app/Tweets";
			};
			name = Release;
		};
		4B204C8826000EEA00670BC7 /* Debug */ = {
			isa = XCBuildConfiguration;
			baseConfigurationReference = ED140AF7070283D72BD48656 /* Pods-Tweets-TweetsUITests.debug.xcconfig */;
			buildSettings = {
				ALWAYS_EMBED_SWIFT_STANDARD_LIBRARIES = YES;
				CODE_SIGN_STYLE = Automatic;
				INFOPLIST_FILE = TweetsUITests/Info.plist;
				LD_RUNPATH_SEARCH_PATHS = (
					"$(inherited)",
					"@executable_path/Frameworks",
					"@loader_path/Frameworks",
				);
				PRODUCT_BUNDLE_IDENTIFIER = Avasquez.TweetsUITests;
				PRODUCT_NAME = "$(TARGET_NAME)";
				SWIFT_VERSION = 5.0;
				TARGETED_DEVICE_FAMILY = "1,2";
				TEST_TARGET_NAME = Tweets;
			};
			name = Debug;
		};
		4B204C8926000EEA00670BC7 /* Release */ = {
			isa = XCBuildConfiguration;
			baseConfigurationReference = 03E3000CE1B13E3C91FDC3F5 /* Pods-Tweets-TweetsUITests.release.xcconfig */;
			buildSettings = {
				ALWAYS_EMBED_SWIFT_STANDARD_LIBRARIES = YES;
				CODE_SIGN_STYLE = Automatic;
				INFOPLIST_FILE = TweetsUITests/Info.plist;
				LD_RUNPATH_SEARCH_PATHS = (
					"$(inherited)",
					"@executable_path/Frameworks",
					"@loader_path/Frameworks",
				);
				PRODUCT_BUNDLE_IDENTIFIER = Avasquez.TweetsUITests;
				PRODUCT_NAME = "$(TARGET_NAME)";
				SWIFT_VERSION = 5.0;
				TARGETED_DEVICE_FAMILY = "1,2";
				TEST_TARGET_NAME = Tweets;
			};
			name = Release;
		};
/* End XCBuildConfiguration section */

/* Begin XCConfigurationList section */
		4B204C5226000EE800670BC7 /* Build configuration list for PBXProject "Tweets" */ = {
			isa = XCConfigurationList;
			buildConfigurations = (
				4B204C7F26000EEA00670BC7 /* Debug */,
				4B204C8026000EEA00670BC7 /* Release */,
			);
			defaultConfigurationIsVisible = 0;
			defaultConfigurationName = Release;
		};
		4B204C8126000EEA00670BC7 /* Build configuration list for PBXNativeTarget "Tweets" */ = {
			isa = XCConfigurationList;
			buildConfigurations = (
				4B204C8226000EEA00670BC7 /* Debug */,
				4B204C8326000EEA00670BC7 /* Release */,
			);
			defaultConfigurationIsVisible = 0;
			defaultConfigurationName = Release;
		};
		4B204C8426000EEA00670BC7 /* Build configuration list for PBXNativeTarget "TweetsTests" */ = {
			isa = XCConfigurationList;
			buildConfigurations = (
				4B204C8526000EEA00670BC7 /* Debug */,
				4B204C8626000EEA00670BC7 /* Release */,
			);
			defaultConfigurationIsVisible = 0;
			defaultConfigurationName = Release;
		};
		4B204C8726000EEA00670BC7 /* Build configuration list for PBXNativeTarget "TweetsUITests" */ = {
			isa = XCConfigurationList;
			buildConfigurations = (
				4B204C8826000EEA00670BC7 /* Debug */,
				4B204C8926000EEA00670BC7 /* Release */,
			);
			defaultConfigurationIsVisible = 0;
			defaultConfigurationName = Release;
		};
/* End XCConfigurationList section */
	};
	rootObject = 4B204C4F26000EE800670BC7 /* Project object */;
}
